{
  "originHash" : "2ec63847507796054d21f7a624242b3bedd082e77eba63b5cb530e44adfe6f0e",
  "pins" : [
    {
      "identity" : "checkout-event-logger-ios-framework",
      "kind" : "remoteSourceControl",
      "location" : "https://github.com/checkout/checkout-event-logger-ios-framework.git",
      "state" : {
        "revision" : "a914d754b4ffb1843730e8e1f8e7e60c4bf81cf9",
        "version" : "1.2.4"
      }
    },
    {
      "identity" : "checkout-ios-components",
      "kind" : "remoteSourceControl",
      "location" : "https://github.com/checkout/checkout-ios-components",
      "state" : {
        "branch" : "main",
        "revision" : "5e4d62754fd8ab003d38436227af0ff331d5d994"
      }
    },
    {
      "identity" : "checkout-risk-sdk-ios",
      "kind" : "remoteSourceControl",
      "location" : "https://github.com/checkout/checkout-risk-sdk-ios",
      "state" : {
        "revision" : "bf7b872704fcc24a4e57640350f594f82436494e",
        "version" : "4.0.0"
      }
    },
    {
      "identity" : "fingerprintjs-pro-ios",
      "kind" : "remoteSourceControl",
      "location" : "https://github.com/fingerprintjs/fingerprintjs-pro-ios",
      "state" : {
        "revision" : "51df49f935af022ceafbee34855500a37e0f35d3",
        "version" : "2.7.0"
      }
    }
  ],
  "version" : 3
}
